
Microsoft Visual Studio Solution File, Format Version 12.00
# Visual Studio Version 17
VisualStudioVersion = 17.9.34902.65
MinimumVisualStudioVersion = 10.0.40219.1
Project("{9A19103F-16F7-4668-BE54-9A1E7A4F7556}") = "Entity", "Entity\Entity.csproj", "{A1E157C8-6228-49A9-B521-F6424350939E}"
EndProject
Project("{9A19103F-16F7-4668-BE54-9A1E7A4F7556}") = "CrossCutting", "CrossCutting\CrossCutting.csproj", "{3F352F64-CE88-42EB-96EE-1EF67398EDDD}"
EndProject
Project("{9A19103F-16F7-4668-BE54-9A1E7A4F7556}") = "DataAccess", "DataAccess\DataAccess.csproj", "{6D0E7D6E-F3F1-4D20-9DF6-68323B597F80}"
EndProject
Project("{9A19103F-16F7-4668-BE54-9A1E7A4F7556}") = "BusinessLogic", "BusinessLogic\BusinessLogic.csproj", "{51A327A8-E7B2-4EEE-A087-233FBE1DE3F2}"
EndProject
Project("{9A19103F-16F7-4668-BE54-9A1E7A4F7556}") = "vulnerable_asp_net_core", "vulnerable_asp_net_core\vulnerable_asp_net_core.csproj", "{E58B9AFD-34B7-48F6-B830-9117AC983149}"
EndProject
Project("{9A19103F-16F7-4668-BE54-9A1E7A4F7556}") = "VulnerableWebApplication", "LightApp\VulnerableWebApplication.csproj", "{9AE881AC-89AC-4AB9-B1D2-227DC5230B62}"
EndProject
Global
	GlobalSection(SolutionConfigurationPlatforms) = preSolution
		Debug|Any CPU = Debug|Any CPU
		Release|Any CPU = Release|Any CPU
	EndGlobalSection
	GlobalSection(ProjectConfigurationPlatforms) = postSolution
		{A1E157C8-6228-49A9-B521-F6424350939E}.Debug|Any CPU.ActiveCfg = Debug|Any CPU
		{A1E157C8-6228-49A9-B521-F6424350939E}.Debug|Any CPU.Build.0 = Debug|Any CPU
		{A1E157C8-6228-49A9-B521-F6424350939E}.Release|Any CPU.ActiveCfg = Release|Any CPU
		{A1E157C8-6228-49A9-B521-F6424350939E}.Release|Any CPU.Build.0 = Release|Any CPU
		{3F352F64-CE88-42EB-96EE-1EF67398EDDD}.Debug|Any CPU.ActiveCfg = Debug|Any CPU
		{3F352F64-CE88-42EB-96EE-1EF67398EDDD}.Debug|Any CPU.Build.0 = Debug|Any CPU
		{3F352F64-CE88-42EB-96EE-1EF67398EDDD}.Release|Any CPU.ActiveCfg = Release|Any CPU
		{3F352F64-CE88-42EB-96EE-1EF67398EDDD}.Release|Any CPU.Build.0 = Release|Any CPU
		{6D0E7D6E-F3F1-4D20-9DF6-68323B597F80}.Debug|Any CPU.ActiveCfg = Debug|Any CPU
		{6D0E7D6E-F3F1-4D20-9DF6-68323B597F80}.Debug|Any CPU.Build.0 = Debug|Any CPU
		{6D0E7D6E-F3F1-4D20-9DF6-68323B597F80}.Release|Any CPU.ActiveCfg = Release|Any CPU
		{6D0E7D6E-F3F1-4D20-9DF6-68323B597F80}.Release|Any CPU.Build.0 = Release|Any CPU
		{51A327A8-E7B2-4EEE-A087-233FBE1DE3F2}.Debug|Any CPU.ActiveCfg = Debug|Any CPU
		{51A327A8-E7B2-4EEE-A087-233FBE1DE3F2}.Debug|Any CPU.Build.0 = Debug|Any CPU
		{51A327A8-E7B2-4EEE-A087-233FBE1DE3F2}.Release|Any CPU.ActiveCfg = Release|Any CPU
		{51A327A8-E7B2-4EEE-A087-233FBE1DE3F2}.Release|Any CPU.Build.0 = Release|Any CPU
		{E58B9AFD-34B7-48F6-B830-9117AC983149}.Debug|Any CPU.ActiveCfg = Debug|Any CPU
		{E58B9AFD-34B7-48F6-B830-9117AC983149}.Debug|Any CPU.Build.0 = Debug|Any CPU
		{E58B9AFD-34B7-48F6-B830-9117AC983149}.Release|Any CPU.ActiveCfg = Release|Any CPU
		{E58B9AFD-34B7-48F6-B830-9117AC983149}.Release|Any CPU.Build.0 = Release|Any CPU
		{9AE881AC-89AC-4AB9-B1D2-227DC5230B62}.Debug|Any CPU.ActiveCfg = Debug|Any CPU
		{9AE881AC-89AC-4AB9-B1D2-227DC5230B62}.Debug|Any CPU.Build.0 = Debug|Any CPU
		{9AE881AC-89AC-4AB9-B1D2-227DC5230B62}.Release|Any CPU.ActiveCfg = Release|Any CPU
		{9AE881AC-89AC-4AB9-B1D2-227DC5230B62}.Release|Any CPU.Build.0 = Release|Any CPU
	EndGlobalSection
	GlobalSection(SolutionProperties) = preSolution
		HideSolutionNode = FALSE
	EndGlobalSection
	GlobalSection(ExtensibilityGlobals) = postSolution
		SolutionGuid = {CF54FD6C-4250-49FD-ACC5-83DD3B87E747}
	EndGlobalSection
EndGlobal
